{
  "version": 4,
  "terraform_version": "1.0.9",
  "serial": 7,
  "lineage": "b95dd3b2-7bc4-b40e-63d8-22b520a27406",
  "outputs": {},
  "resources": [
    {
      "mode": "managed",
      "type": "hcloud_network",
      "name": "network",
      "provider": "provider[\"registry.terraform.io/hetznercloud/hcloud\"]",
      "instances": [
        {
          "schema_version": 0,
          "attributes": {
            "delete_protection": false,
            "id": "1250933",
            "ip_range": "10.0.0.0/16",
            "labels": null,
            "name": "network"
          },
          "sensitive_attributes": [],
          "private": "bnVsbA=="
        }
      ]
    },
    {
      "mode": "managed",
      "type": "hcloud_network_subnet",
      "name": "network-subnet",
      "provider": "provider[\"registry.terraform.io/hetznercloud/hcloud\"]",
      "instances": [
        {
          "schema_version": 0,
          "attributes": {
            "gateway": "10.0.0.1",
            "id": "1250933-10.0.1.0/24",
            "ip_range": "10.0.1.0/24",
            "network_id": 1250933,
            "network_zone": "eu-central",
            "type": "cloud",
            "vswitch_id": null
          },
          "sensitive_attributes": [],
          "private": "bnVsbA==",
          "dependencies": [
            "hcloud_network.network"
          ]
        }
      ]
    },
    {
      "mode": "managed",
      "type": "hcloud_server",
      "name": "agent-1",
      "provider": "provider[\"registry.terraform.io/hetznercloud/hcloud\"]",
      "instances": [
        {
          "schema_version": 0,
          "attributes": {
            "backup_window": "",
            "backups": false,
            "datacenter": "nbg1-dc3",
            "delete_protection": false,
            "firewall_ids": [],
            "id": "15537633",
            "image": "ubuntu-20.04",
            "ipv4_address": "49.12.235.69",
            "ipv6_address": "2a01:4f8:c2c:bde8::1",
            "ipv6_network": "2a01:4f8:c2c:bde8::/64",
            "iso": null,
            "keep_disk": false,
            "labels": null,
            "location": "nbg1",
            "name": "agent-1",
            "network": [
              {
                "alias_ips": [],
                "ip": "10.0.1.6",
                "mac_address": "86:00:00:eb:99:5b",
                "network_id": 1250933
              }
            ],
            "placement_group_id": null,
            "rebuild_protection": false,
            "rescue": null,
            "server_type": "cx21",
            "ssh_keys": [
              "4710004"
            ],
            "status": "running",
            "timeouts": null,
            "user_data": null
          },
          "sensitive_attributes": [],
          "private": "eyJlMmJmYjczMC1lY2FhLTExZTYtOGY4OC0zNDM2M2JjN2M0YzAiOnsiY3JlYXRlIjo1NDAwMDAwMDAwMDAwfX0=",
          "dependencies": [
            "hcloud_network.network",
            "hcloud_network_subnet.network-subnet",
            "hcloud_ssh_key.jonas-pc"
          ]
        }
      ]
    },
    {
      "mode": "managed",
      "type": "hcloud_server",
      "name": "agent-2",
      "provider": "provider[\"registry.terraform.io/hetznercloud/hcloud\"]",
      "instances": [
        {
          "schema_version": 0,
          "attributes": {
            "backup_window": "",
            "backups": false,
            "datacenter": "nbg1-dc3",
            "delete_protection": false,
            "firewall_ids": [],
            "id": "15537632",
            "image": "ubuntu-20.04",
            "ipv4_address": "49.12.235.72",
            "ipv6_address": "2a01:4f8:c2c:b3e6::1",
            "ipv6_network": "2a01:4f8:c2c:b3e6::/64",
            "iso": null,
            "keep_disk": false,
            "labels": null,
            "location": "nbg1",
            "name": "agent-2",
            "network": [
              {
                "alias_ips": [],
                "ip": "10.0.1.7",
                "mac_address": "86:00:00:eb:99:59",
                "network_id": 1250933
              }
            ],
            "placement_group_id": null,
            "rebuild_protection": false,
            "rescue": null,
            "server_type": "cx21",
            "ssh_keys": [
              "4710004"
            ],
            "status": "running",
            "timeouts": null,
            "user_data": null
          },
          "sensitive_attributes": [],
          "private": "eyJlMmJmYjczMC1lY2FhLTExZTYtOGY4OC0zNDM2M2JjN2M0YzAiOnsiY3JlYXRlIjo1NDAwMDAwMDAwMDAwfX0=",
          "dependencies": [
            "hcloud_network.network",
            "hcloud_network_subnet.network-subnet",
            "hcloud_ssh_key.jonas-pc"
          ]
        }
      ]
    },
    {
      "mode": "managed",
      "type": "hcloud_server",
      "name": "server",
      "provider": "provider[\"registry.terraform.io/hetznercloud/hcloud\"]",
      "instances": [
        {
          "schema_version": 0,
          "attributes": {
            "backup_window": "",
            "backups": false,
            "datacenter": "nbg1-dc3",
            "delete_protection": false,
            "firewall_ids": [],
            "id": "15537634",
            "image": "ubuntu-20.04",
            "ipv4_address": "49.12.235.105",
            "ipv6_address": "2a01:4f8:c2c:d781::1",
            "ipv6_network": "2a01:4f8:c2c:d781::/64",
            "iso": null,
            "keep_disk": false,
            "labels": null,
            "location": "nbg1",
            "name": "server",
            "network": [
              {
                "alias_ips": [],
                "ip": "10.0.1.5",
                "mac_address": "86:00:00:eb:99:5a",
                "network_id": 1250933
              }
            ],
            "placement_group_id": null,
            "rebuild_protection": false,
            "rescue": null,
            "server_type": "cpx11",
            "ssh_keys": [
              "4710004"
            ],
            "status": "running",
            "timeouts": null,
            "user_data": null
          },
          "sensitive_attributes": [],
          "private": "eyJlMmJmYjczMC1lY2FhLTExZTYtOGY4OC0zNDM2M2JjN2M0YzAiOnsiY3JlYXRlIjo1NDAwMDAwMDAwMDAwfX0=",
          "dependencies": [
            "hcloud_network.network",
            "hcloud_network_subnet.network-subnet",
            "hcloud_ssh_key.jonas-pc"
          ]
        }
      ]
    },
    {
      "mode": "managed",
      "type": "hcloud_ssh_key",
      "name": "jonas-pc",
      "provider": "provider[\"registry.terraform.io/hetznercloud/hcloud\"]",
      "instances": [
        {
          "schema_version": 0,
          "attributes": {
            "fingerprint": "0c:db:9d:92:74:66:5b:e2:48:c1:f9:a8:11:39:b5:dc",
            "id": "4710004",
            "labels": null,
            "name": "Jonas PC",
            "public_key": "ssh-rsa AAAAB3NzaC1yc2EAAAADAQABAAABAQC59y7/pGsQC5D0FDgT9jHz2CKhmDUgjpDuURbngIbose4MK1PZSl2IrCaw0mD4V9p6Zb9+zb5GvkdDqVC+q5UIUPeHJVVbY0gM0hKXhILIoQXcHgcxhd5dJHWJCgDyfnXF9BabJRdA2jfHLusjhQ99/Vyqrqzn9IJvt1g6gFKLZqQF00aQJ6lsop3ELJqTFXfHJ5zLmBMYapah1YCn6ojHCS/uLjKBAXtv9ZrW936MajxWLZp3FehseZG0IvCi2EcxRxrA/vUpOB+aRPxhDbaPkESTFI4RzgPwLFot9Tl7VR0DqYuNfMPmJmSregqpGAcsEHxjIcdVeHR9UfKOtW/9 jonas@jonas-LAPPI\n"
          },
          "sensitive_attributes": [],
          "private": "bnVsbA=="
        }
      ]
    }
  ]
}
